
Microsoft Visual Studio Solution File, Format Version 12.00
# Visual Studio Version 17
VisualStudioVersion = 17.7.34031.279
MinimumVisualStudioVersion = 10.0.40219.1
Project("{FAE04EC0-301F-11D3-BF4B-00C04F79EFBC}") = "PlaygroundConsoleApp", "PlaygroundConsoleApp.csproj", "{AA83E9DC-34C4-4587-94F2-7D42532323FB}"
EndProject
Global
	GlobalSection(SolutionConfigurationPlatforms) = preSolution
		Debug|Any CPU = Debug|Any CPU
		Release|Any CPU = Release|Any CPU
	EndGlobalSection
	GlobalSection(ProjectConfigurationPlatforms) = postSolution
		{AA83E9DC-34C4-4587-94F2-7D42532323FB}.Debug|Any CPU.ActiveCfg = Debug|Any CPU
		{AA83E9DC-34C4-4587-94F2-7D42532323FB}.Debug|Any CPU.Build.0 = Debug|Any CPU
		{AA83E9DC-34C4-4587-94F2-7D42532323FB}.Release|Any CPU.ActiveCfg = Release|Any CPU
		{AA83E9DC-34C4-4587-94F2-7D42532323FB}.Release|Any CPU.Build.0 = Release|Any CPU
	EndGlobalSection
	GlobalSection(SolutionProperties) = preSolution
		HideSolutionNode = FALSE
	EndGlobalSection
	GlobalSection(ExtensibilityGlobals) = postSolution
		SolutionGuid = {D0488686-230B-4E22-8BF1-4B3B5E6B2890}
	EndGlobalSection
EndGlobal
