
Microsoft Visual Studio Solution File, Format Version 12.00
# Visual Studio Version 17
VisualStudioVersion = 17.7.34031.279
MinimumVisualStudioVersion = 10.0.40219.1
Project("{9A19103F-16F7-4668-BE54-9A1E7A4F7556}") = "WebApiApplication", "WebApiApplication.csproj", "{F16AC295-BE46-40E5-8557-8EFD0A70A8BE}"
EndProject
Global
	GlobalSection(SolutionConfigurationPlatforms) = preSolution
		Debug|Any CPU = Debug|Any CPU
		Release|Any CPU = Release|Any CPU
	EndGlobalSection
	GlobalSection(ProjectConfigurationPlatforms) = postSolution
		{F16AC295-BE46-40E5-8557-8EFD0A70A8BE}.Debug|Any CPU.ActiveCfg = Debug|Any CPU
		{F16AC295-BE46-40E5-8557-8EFD0A70A8BE}.Debug|Any CPU.Build.0 = Debug|Any CPU
		{F16AC295-BE46-40E5-8557-8EFD0A70A8BE}.Release|Any CPU.ActiveCfg = Release|Any CPU
		{F16AC295-BE46-40E5-8557-8EFD0A70A8BE}.Release|Any CPU.Build.0 = Release|Any CPU
	EndGlobalSection
	GlobalSection(SolutionProperties) = preSolution
		HideSolutionNode = FALSE
	EndGlobalSection
	GlobalSection(ExtensibilityGlobals) = postSolution
		SolutionGuid = {BAAA5CB5-AE65-4964-A760-1B68B325662E}
	EndGlobalSection
EndGlobal
